# THIS IS AN AUTOGENERATED FILE. DO NOT EDIT THIS FILE DIRECTLY.
# yarn lockfile v1


"@types/node@^18.6.1":
  version "18.6.1"
  resolved "https://registry.yarnpkg.com/@types/node/-/node-18.6.1.tgz#828e4785ccca13f44e2fb6852ae0ef11e3e20ba5"
  integrity sha512-z+2vB6yDt1fNwKOeGbckpmirO+VBDuQqecXkgeIqDlaOtmKn6hPR/viQ8cxCfqLU4fTlvM3+YjM367TukWdxpg==

asynckit@^0.4.0:
  version "0.4.0"
  resolved "https://registry.yarnpkg.com/asynckit/-/asynckit-0.4.0.tgz#c79ed97f7f34cb8f2ba1bc9790bcc366474b4b79"
  integrity sha512-Oei9OH4tRh0YqU3GxhX79dM/mwVgvbZJaSNaRk+bshkj0S5cfHcgYakreBjrHwatXKbz+IoIdYLxrKim2MjW0Q==

axios@^0.27.2:
  version "0.27.2"
  resolved "https://registry.yarnpkg.com/axios/-/axios-0.27.2.tgz#207658cc8621606e586c85db4b41a750e756d972"
  integrity sha512-t+yRIyySRTp/wua5xEr+z1q60QmLq8ABsS5O9Me1AsE5dfKqgnCFzwiCZZ/cGNd1lq4/7akDWMxdhVlucjmnOQ==
  dependencies:
    follow-redirects "^1.14.9"
    form-data "^4.0.0"

combined-stream@^1.0.8:
  version "1.0.8"
  resolved "https://registry.yarnpkg.com/combined-stream/-/combined-stream-1.0.8.tgz#c3d45a8b34fd730631a110a8a2520682b31d5a7f"
  integrity sha512-FQN4MRfuJeHf7cBbBMJFXhKSDq+2kAArBlmRBvcvFE5BB1HZKXtSFASDhdlz9zOYwxh8lDdnvmMOe/+5cdoEdg==
  dependencies:
    delayed-stream "~1.0.0"

delayed-stream@~1.0.0:
  version "1.0.0"
  resolved "https://registry.yarnpkg.com/delayed-stream/-/delayed-stream-1.0.0.tgz#df3ae199acadfb7d440aaae0b29e2272b24ec619"
  integrity sha512-ZySD7Nf91aLB0RxL4KGrKHBXl7Eds1DAmEdcoVawXnLD7SDhpNgtuII2aAkg7a7QS41jxPSZ17p4VdGnMHk3MQ==

"dreamscape.dreamscape@https://arthurcandidot1f4--dreamscape.myvtex.com/_v/private/typings/linked/v1/dreamscape.dreamscape@0.1.1+build1659449272/public/@types/dreamscape.dreamscape":
  version "0.1.1"
  resolved "https://arthurcandidot1f4--dreamscape.myvtex.com/_v/private/typings/linked/v1/dreamscape.dreamscape@0.1.1+build1659449272/public/@types/dreamscape.dreamscape#2424da13c7d14e733c607bbe8e29b45af913db45"

follow-redirects@^1.14.9:
  version "1.15.1"
  resolved "https://registry.yarnpkg.com/follow-redirects/-/follow-redirects-1.15.1.tgz#0ca6a452306c9b276e4d3127483e29575e207ad5"
  integrity sha512-yLAMQs+k0b2m7cVxpS1VKJVvoz7SS9Td1zss3XRwXj+ZDH00RJgnuLx7E44wx02kQLrdM3aOOy+FpzS7+8OizA==

form-data@^4.0.0:
  version "4.0.0"
  resolved "https://registry.yarnpkg.com/form-data/-/form-data-4.0.0.tgz#93919daeaf361ee529584b9b31664dc12c9fa452"
  integrity sha512-ETEklSGi5t0QMZuiXoA/Q6vcnxcLQP5vdugSpuAyi6SVGi2clPPp+xgEhuMaHC+zGgn31Kd235W35f7Hykkaww==
  dependencies:
    asynckit "^0.4.0"
    combined-stream "^1.0.8"
    mime-types "^2.1.12"

mime-db@1.52.0:
  version "1.52.0"
  resolved "https://registry.yarnpkg.com/mime-db/-/mime-db-1.52.0.tgz#bbabcdc02859f4987301c856e3387ce5ec43bf70"
  integrity sha512-sPU4uV7dYlvtWJxwwxHD0PuihVNiE7TyAbQ5SWxDCB9mUYvOgroQOwYQQOKPJ8CIbE+1ETVlOoK1UC2nU3gYvg==

mime-types@^2.1.12:
  version "2.1.35"
  resolved "https://registry.yarnpkg.com/mime-types/-/mime-types-2.1.35.tgz#381a871b62a734450660ae3deee44813f70d959a"
  integrity sha512-ZDY+bPm5zTTF+YpCrAU9nK0UgICYPT0QtT1NZWFv4s++TNkcgVaT0g6+4R2uI4MjQjzysHB1zxuWL50hzaeXiw==
  dependencies:
    mime-db "1.52.0"

typescript@3.9.7:
  version "3.9.7"
  resolved "https://registry.yarnpkg.com/typescript/-/typescript-3.9.7.tgz#98d600a5ebdc38f40cb277522f12dc800e9e25fa"
  integrity sha512-BLbiRkiBzAwsjut4x/dsibSTB6yWpwT5qWmC2OfuCg3GgVQCSgMs4vEctYPhsaGtd0AeuuHMkjZ2h2WG8MSzRw==

"vtex.add-to-cart-button@http://vtex.vtexassets.com/_v/public/typings/v1/vtex.add-to-cart-button@0.28.0/public/@types/vtex.add-to-cart-button":
  version "0.28.0"
  resolved "http://vtex.vtexassets.com/_v/public/typings/v1/vtex.add-to-cart-button@0.28.0/public/@types/vtex.add-to-cart-button#9d9b0ead453d431c1a5277077614735851526e61"

"vtex.breadcrumb@http://vtex.vtexassets.com/_v/public/typings/v1/vtex.breadcrumb@1.9.4/public/@types/vtex.breadcrumb":
  version "1.9.4"
  resolved "http://vtex.vtexassets.com/_v/public/typings/v1/vtex.breadcrumb@1.9.4/public/@types/vtex.breadcrumb#624d6ddbd839bccd2b08e10f0f5f4a0509de834b"

"vtex.carousel@http://vtex.vtexassets.com/_v/public/typings/v1/vtex.carousel@2.12.1/public/@types/vtex.carousel":
  version "2.12.1"
  resolved "http://vtex.vtexassets.com/_v/public/typings/v1/vtex.carousel@2.12.1/public/@types/vtex.carousel#f99139a9d22227fa239192a058defd13f8cc50be"

"vtex.condition-layout@http://vtex.vtexassets.com/_v/public/typings/v1/vtex.condition-layout@1.4.0/public/@types/vtex.condition-layout":
  version "1.4.0"
  resolved "http://vtex.vtexassets.com/_v/public/typings/v1/vtex.condition-layout@1.4.0/public/@types/vtex.condition-layout#d16b480bfaaa62d595b7a2ab5881b18769ff5d6d"

"vtex.flex-layout@http://vtex.vtexassets.com/_v/public/typings/v1/vtex.flex-layout@0.19.0/public/@types/vtex.flex-layout":
  version "0.19.0"
  resolved "http://vtex.vtexassets.com/_v/public/typings/v1/vtex.flex-layout@0.19.0/public/@types/vtex.flex-layout#042e0e1770bafdd157705abefffe0b2645a98f84"

"vtex.iframe@http://vtex.vtexassets.com/_v/public/typings/v1/vtex.iframe@0.5.0/public/@types/vtex.iframe":
  version "0.5.0"
  resolved "http://vtex.vtexassets.com/_v/public/typings/v1/vtex.iframe@0.5.0/public/@types/vtex.iframe#efedb4402b737191447de96e035b6e2858ad5440"

"vtex.locale-switcher@http://vtex.vtexassets.com/_v/public/typings/v1/vtex.locale-switcher@0.5.6/public/@types/vtex.locale-switcher":
  version "0.5.6"
  resolved "http://vtex.vtexassets.com/_v/public/typings/v1/vtex.locale-switcher@0.5.6/public/@types/vtex.locale-switcher#5db8558af5593d65e4fff3da0903d0081dfcab42"

"vtex.login@http://vtex.vtexassets.com/_v/public/typings/v1/vtex.login@2.52.1/public/@types/vtex.login":
  version "2.52.1"
  resolved "http://vtex.vtexassets.com/_v/public/typings/v1/vtex.login@2.52.1/public/@types/vtex.login#7e0e101089ff2172f6223be944d22597b6215b39"

"vtex.menu@http://vtex.vtexassets.com/_v/public/typings/v1/vtex.menu@2.34.25/public/@types/vtex.menu":
  version "2.34.25"
  resolved "http://vtex.vtexassets.com/_v/public/typings/v1/vtex.menu@2.34.25/public/@types/vtex.menu#3f4c3aa3b5f8c396d1a630703862d354681ae5a2"

"vtex.minicart@http://vtex.vtexassets.com/_v/public/typings/v1/vtex.minicart@2.63.5/public/@types/vtex.minicart":
  version "2.63.5"
  resolved "http://vtex.vtexassets.com/_v/public/typings/v1/vtex.minicart@2.63.5/public/@types/vtex.minicart#1a7763f5187241bd709beecd2a81ab5d96bd50be"

"vtex.modal-layout@http://vtex.vtexassets.com/_v/public/typings/v1/vtex.modal-layout@0.13.0/public/@types/vtex.modal-layout":
  version "0.13.0"
  resolved "http://vtex.vtexassets.com/_v/public/typings/v1/vtex.modal-layout@0.13.0/public/@types/vtex.modal-layout#394972b7d8c7ecd9ea941785c39cd873fbe37fad"

"vtex.my-account@http://vtex.vtexassets.com/_v/public/typings/v1/vtex.my-account@1.25.0/public/@types/vtex.my-account":
  version "1.25.0"
  resolved "http://vtex.vtexassets.com/_v/public/typings/v1/vtex.my-account@1.25.0/public/@types/vtex.my-account#3bc46389c0aa28f4e3e2e008fe3690f5901b1f2a"

"vtex.order-placed@http://vtex.vtexassets.com/_v/public/typings/v1/vtex.order-placed@2.16.0/public/@types/vtex.order-placed":
  version "2.16.0"
  resolved "http://vtex.vtexassets.com/_v/public/typings/v1/vtex.order-placed@2.16.0/public/@types/vtex.order-placed#c8b407e53409bb8d915934d3d74f73264746713b"

"vtex.product-context@http://vtex.vtexassets.com/_v/public/typings/v1/vtex.product-context@0.10.0/public/@types/vtex.product-context":
  version "0.10.0"
  resolved "http://vtex.vtexassets.com/_v/public/typings/v1/vtex.product-context@0.10.0/public/@types/vtex.product-context#c5e2a97b404004681ee12f4fff7e6b62157786cc"

"vtex.product-details@http://vtex.vtexassets.com/_v/public/typings/v1/vtex.product-details@1.21.0/public/@types/vtex.product-details":
  version "1.21.0"
  resolved "http://vtex.vtexassets.com/_v/public/typings/v1/vtex.product-details@1.21.0/public/@types/vtex.product-details#e1c86843e16576ea6b7140546c88783af3f48ac1"

"vtex.product-identifier@http://vtex.vtexassets.com/_v/public/typings/v1/vtex.product-identifier@0.4.0/public/@types/vtex.product-identifier":
  version "0.4.0"
  resolved "http://vtex.vtexassets.com/_v/public/typings/v1/vtex.product-identifier@0.4.0/public/@types/vtex.product-identifier#ad8ae45d5816e5424f5156c4a2d4ee98c84a1f6d"

"vtex.product-kit@http://vtex.vtexassets.com/_v/public/typings/v1/vtex.product-kit@1.10.2/public/_types/react":
  version "0.0.0"
  resolved "http://vtex.vtexassets.com/_v/public/typings/v1/vtex.product-kit@1.10.2/public/_types/react#fa7a0347e046eab3dd768998fc9252b2c0dd5aef"

"vtex.product-price@http://vtex.vtexassets.com/_v/public/typings/v1/vtex.product-price@1.29.0/public/@types/vtex.product-price":
  version "1.29.0"
  resolved "http://vtex.vtexassets.com/_v/public/typings/v1/vtex.product-price@1.29.0/public/@types/vtex.product-price#5c16a7700bc23b03ad1af685dac22bda36b1cd53"

"vtex.product-quantity@http://vtex.vtexassets.com/_v/public/typings/v1/vtex.product-quantity@1.8.1/public/@types/vtex.product-quantity":
  version "1.8.1"
  resolved "http://vtex.vtexassets.com/_v/public/typings/v1/vtex.product-quantity@1.8.1/public/@types/vtex.product-quantity#170c9cfb981d41dc99f1977467eebaac28f1945d"

"vtex.product-review-interfaces@http://vtex.vtexassets.com/_v/public/typings/v1/vtex.product-review-interfaces@1.0.2/public/_types/react":
  version "1.0.2"
  resolved "http://vtex.vtexassets.com/_v/public/typings/v1/vtex.product-review-interfaces@1.0.2/public/_types/react#84d1997cdae079d1401611f3d4a4619ed914673f"

"vtex.product-specification-badges@http://vtex.vtexassets.com/_v/public/typings/v1/vtex.product-specification-badges@0.3.0/public/@types/vtex.product-specification-badges":
  version "0.3.0"
  resolved "http://vtex.vtexassets.com/_v/public/typings/v1/vtex.product-specification-badges@0.3.0/public/@types/vtex.product-specification-badges#2df6b189acfabf642504df02d7b8ad406ee90c07"

"vtex.product-summary@http://vtex.vtexassets.com/_v/public/typings/v1/vtex.product-summary@2.80.1/public/@types/vtex.product-summary":
  version "2.80.1"
  resolved "http://vtex.vtexassets.com/_v/public/typings/v1/vtex.product-summary@2.80.1/public/@types/vtex.product-summary#1210c99a487010c96c987033056e81437dcb289a"

"vtex.render-runtime@http://vtex.vtexassets.com/_v/public/typings/v1/vtex.render-runtime@8.132.4/public/@types/vtex.render-runtime":
  version "8.132.4"
  resolved "http://vtex.vtexassets.com/_v/public/typings/v1/vtex.render-runtime@8.132.4/public/@types/vtex.render-runtime#66bb41bd4d342e37c9d85172aad5f7eefebfb6dc"

"vtex.responsive-layout@http://vtex.vtexassets.com/_v/public/typings/v1/vtex.responsive-layout@0.1.2/public/@types/vtex.responsive-layout":
  version "0.1.2"
  resolved "http://vtex.vtexassets.com/_v/public/typings/v1/vtex.responsive-layout@0.1.2/public/@types/vtex.responsive-layout#e33f23a78afb3ffb8ff8aedc77b1ca6728583e72"

"vtex.rich-text@http://vtex.vtexassets.com/_v/public/typings/v1/vtex.rich-text@0.15.0/public/@types/vtex.rich-text":
  version "0.15.0"
  resolved "http://vtex.vtexassets.com/_v/public/typings/v1/vtex.rich-text@0.15.0/public/@types/vtex.rich-text#f23416cea64e72531069e58f1b137dfdb5b4b510"

"vtex.search-graphql@http://vtex.vtexassets.com/_v/public/typings/v1/vtex.search-graphql@0.50.0/public/@types/vtex.search-graphql":
  version "0.50.0"
  resolved "http://vtex.vtexassets.com/_v/public/typings/v1/vtex.search-graphql@0.50.0/public/@types/vtex.search-graphql#e29e418461f338165a1f4ddaf2ed0fd2e7246420"

"vtex.search-result@http://vtex.vtexassets.com/_v/public/typings/v1/vtex.search-result@3.118.1/public/@types/vtex.search-result":
  version "3.118.1"
  resolved "http://vtex.vtexassets.com/_v/public/typings/v1/vtex.search-result@3.118.1/public/@types/vtex.search-result#fd4cd5a748c9d1a7b8ad1cdb15f97b02e90076f3"

"vtex.search@http://vtex.vtexassets.com/_v/public/typings/v1/vtex.search@2.13.1/public/@types/vtex.search":
  version "2.13.1"
  resolved "http://vtex.vtexassets.com/_v/public/typings/v1/vtex.search@2.13.1/public/@types/vtex.search#f64383bbdc3ea3c37739f652b2d2aa9b39ce1aed"

"vtex.session-client@http://vtex.vtexassets.com/_v/public/typings/v1/vtex.session-client@1.0.2/public/@types/vtex.session-client":
  version "1.0.2"
  resolved "http://vtex.vtexassets.com/_v/public/typings/v1/vtex.session-client@1.0.2/public/@types/vtex.session-client#239ac9935a59699e62e1509f844de81544ed0877"

"vtex.shelf@http://vtex.vtexassets.com/_v/public/typings/v1/vtex.shelf@1.47.2/public/@types/vtex.shelf":
  version "1.47.2"
  resolved "http://vtex.vtexassets.com/_v/public/typings/v1/vtex.shelf@1.47.2/public/@types/vtex.shelf#9b61c9584703c48d5fa0b7db12d13fe12e0a247c"

"vtex.slider-layout@http://vtex.vtexassets.com/_v/public/typings/v1/vtex.slider-layout@0.22.2/public/@types/vtex.slider-layout":
  version "0.22.2"
  resolved "http://vtex.vtexassets.com/_v/public/typings/v1/vtex.slider-layout@0.22.2/public/@types/vtex.slider-layout#0367df6d1205fad5e414684732cc5e13b60533c7"

"vtex.slider@http://vtex.vtexassets.com/_v/public/typings/v1/vtex.slider@0.8.3/public/@types/vtex.slider":
  version "0.8.3"
  resolved "http://vtex.vtexassets.com/_v/public/typings/v1/vtex.slider@0.8.3/public/@types/vtex.slider#9b7be08012a5d3ec41fdc651235a964cb5f7db85"

"vtex.stack-layout@http://vtex.vtexassets.com/_v/public/typings/v1/vtex.stack-layout@0.1.0/public/@types/vtex.stack-layout":
  version "0.1.0"
  resolved "http://vtex.vtexassets.com/_v/public/typings/v1/vtex.stack-layout@0.1.0/public/@types/vtex.stack-layout#79bcd9f70b4b6926b85686be14879a3b90d52c63"

"vtex.sticky-layout@http://vtex.vtexassets.com/_v/public/typings/v1/vtex.sticky-layout@0.3.4/public/@types/vtex.sticky-layout":
  version "0.3.4"
  resolved "http://vtex.vtexassets.com/_v/public/typings/v1/vtex.sticky-layout@0.3.4/public/@types/vtex.sticky-layout#5b786d6f9ab0a40e4997c955a75885eee32515ef"

"vtex.store-components@http://vtex.vtexassets.com/_v/public/typings/v1/vtex.store-components@3.162.0/public/@types/vtex.store-components":
  version "3.162.0"
  resolved "http://vtex.vtexassets.com/_v/public/typings/v1/vtex.store-components@3.162.0/public/@types/vtex.store-components#c3e4fac4893627ab0f2fc3ad88d697c3ab7bf6c8"

"vtex.store-drawer@http://vtex.vtexassets.com/_v/public/typings/v1/vtex.store-drawer@0.16.2/public/@types/vtex.store-drawer":
  version "0.16.2"
  resolved "http://vtex.vtexassets.com/_v/public/typings/v1/vtex.store-drawer@0.16.2/public/@types/vtex.store-drawer#3e3a0e07babcf623922f1eb0c85185bcd12b8002"

"vtex.store-footer@http://vtex.vtexassets.com/_v/public/typings/v1/vtex.store-footer@2.25.0/public/@types/vtex.store-footer":
  version "2.25.0"
  resolved "http://vtex.vtexassets.com/_v/public/typings/v1/vtex.store-footer@2.25.0/public/@types/vtex.store-footer#8a6c11f53c281793609b03b205f5f7cadac70b4f"

"vtex.store-header@http://vtex.vtexassets.com/_v/public/typings/v1/vtex.store-header@2.28.0/public/@types/vtex.store-header":
  version "2.28.0"
  resolved "http://vtex.vtexassets.com/_v/public/typings/v1/vtex.store-header@2.28.0/public/@types/vtex.store-header#4aa32ed928e0a3ff6b6d4bd35bc3f1641988c1a8"

"vtex.store-image@http://vtex.vtexassets.com/_v/public/typings/v1/vtex.store-image@0.14.2/public/@types/vtex.store-image":
  version "0.14.2"
  resolved "http://vtex.vtexassets.com/_v/public/typings/v1/vtex.store-image@0.14.2/public/@types/vtex.store-image#8110d7fe7a27c8e08cab98f52426ca239be38694"

"vtex.store-link@http://vtex.vtexassets.com/_v/public/typings/v1/vtex.store-link@0.8.1/public/@types/vtex.store-link":
  version "0.8.1"
  resolved "http://vtex.vtexassets.com/_v/public/typings/v1/vtex.store-link@0.8.1/public/@types/vtex.store-link#a69c5217b1f121e286fdc6b2d4ee66d8198db0f0"

"vtex.store@http://vtex.vtexassets.com/_v/public/typings/v1/vtex.store@2.126.23/public/@types/vtex.store":
  version "2.126.23"
  resolved "http://vtex.vtexassets.com/_v/public/typings/v1/vtex.store@2.126.23/public/@types/vtex.store#27d785cfc1cf6491a9e5fcb0ac836c318f100707"

"vtex.styleguide@http://vtex.vtexassets.com/_v/public/typings/v1/vtex.styleguide@9.146.1/public/@types/vtex.styleguide":
  version "9.146.1"
  resolved "http://vtex.vtexassets.com/_v/public/typings/v1/vtex.styleguide@9.146.1/public/@types/vtex.styleguide#66db40ca1b78ad77ce4beedabecee320e1ef2ead"

"vtex.tab-layout@http://vtex.vtexassets.com/_v/public/typings/v1/vtex.tab-layout@0.4.3/public/@types/vtex.tab-layout":
  version "0.4.3"
  resolved "http://vtex.vtexassets.com/_v/public/typings/v1/vtex.tab-layout@0.4.3/public/@types/vtex.tab-layout#579ee7ffabb55ce7ed271b0af1015f41c49b7f30"

"vtex.telemarketing@http://vtex.vtexassets.com/_v/public/typings/v1/vtex.telemarketing@2.11.1/public/@types/vtex.telemarketing":
  version "2.11.1"
  resolved "http://vtex.vtexassets.com/_v/public/typings/v1/vtex.telemarketing@2.11.1/public/@types/vtex.telemarketing#747a47bc888fce4032b384338dfc45c1f3e538ce"
